
Microsoft Visual Studio Solution File, Format Version 12.00
# Visual Studio 2012
Project("{FAE04EC0-301F-11D3-BF4B-00C04F79EFBC}") = "Emperion", "Emperion\Emperion.csproj", "{190349A6-E671-4D44-BD17-B3A84E37C2D2}"
EndProject
Project("{FAE04EC0-301F-11D3-BF4B-00C04F79EFBC}") = "EmperionGUI", "EmperionGUI\EmperionGUI.csproj", "{BACB6C75-EF1D-47F4-930C-8C91EA45FD00}"
EndProject
Project("{FAE04EC0-301F-11D3-BF4B-00C04F79EFBC}") = "NeoEmpGUI", "NeoEmpGUI\NeoEmpGUI.csproj", "{B040D064-9962-4FC8-A1D9-45DFE5E33CA8}"
EndProject
Project("{FAE04EC0-301F-11D3-BF4B-00C04F79EFBC}") = "NeoEmperion", "NeoEmperion\NeoEmperion.csproj", "{BD1556D7-B9CE-4D3A-8DF1-5DD4060CDBCA}"
EndProject
Project("{FAE04EC0-301F-11D3-BF4B-00C04F79EFBC}") = "NeaKit", "NeaKitSharp\NeaKit\NeaKit.csproj", "{A5EE407A-64BC-40B2-932D-C1CB11A8E21B}"
EndProject
Global
	GlobalSection(SolutionConfigurationPlatforms) = preSolution
		Debug|Any CPU = Debug|Any CPU
		Release|Any CPU = Release|Any CPU
	EndGlobalSection
	GlobalSection(ProjectConfigurationPlatforms) = postSolution
		{190349A6-E671-4D44-BD17-B3A84E37C2D2}.Debug|Any CPU.ActiveCfg = Debug|Any CPU
		{190349A6-E671-4D44-BD17-B3A84E37C2D2}.Debug|Any CPU.Build.0 = Debug|Any CPU
		{190349A6-E671-4D44-BD17-B3A84E37C2D2}.Release|Any CPU.ActiveCfg = Release|Any CPU
		{190349A6-E671-4D44-BD17-B3A84E37C2D2}.Release|Any CPU.Build.0 = Release|Any CPU
		{BACB6C75-EF1D-47F4-930C-8C91EA45FD00}.Debug|Any CPU.ActiveCfg = Debug|Any CPU
		{BACB6C75-EF1D-47F4-930C-8C91EA45FD00}.Debug|Any CPU.Build.0 = Debug|Any CPU
		{BACB6C75-EF1D-47F4-930C-8C91EA45FD00}.Release|Any CPU.ActiveCfg = Release|Any CPU
		{BACB6C75-EF1D-47F4-930C-8C91EA45FD00}.Release|Any CPU.Build.0 = Release|Any CPU
		{B040D064-9962-4FC8-A1D9-45DFE5E33CA8}.Debug|Any CPU.ActiveCfg = Debug|Any CPU
		{B040D064-9962-4FC8-A1D9-45DFE5E33CA8}.Debug|Any CPU.Build.0 = Debug|Any CPU
		{B040D064-9962-4FC8-A1D9-45DFE5E33CA8}.Release|Any CPU.ActiveCfg = Release|Any CPU
		{B040D064-9962-4FC8-A1D9-45DFE5E33CA8}.Release|Any CPU.Build.0 = Release|Any CPU
		{BD1556D7-B9CE-4D3A-8DF1-5DD4060CDBCA}.Debug|Any CPU.ActiveCfg = Debug|Any CPU
		{BD1556D7-B9CE-4D3A-8DF1-5DD4060CDBCA}.Debug|Any CPU.Build.0 = Debug|Any CPU
		{BD1556D7-B9CE-4D3A-8DF1-5DD4060CDBCA}.Release|Any CPU.ActiveCfg = Release|Any CPU
		{BD1556D7-B9CE-4D3A-8DF1-5DD4060CDBCA}.Release|Any CPU.Build.0 = Release|Any CPU
		{A5EE407A-64BC-40B2-932D-C1CB11A8E21B}.Debug|Any CPU.ActiveCfg = Debug|Any CPU
		{A5EE407A-64BC-40B2-932D-C1CB11A8E21B}.Debug|Any CPU.Build.0 = Debug|Any CPU
		{A5EE407A-64BC-40B2-932D-C1CB11A8E21B}.Release|Any CPU.ActiveCfg = Release|Any CPU
		{A5EE407A-64BC-40B2-932D-C1CB11A8E21B}.Release|Any CPU.Build.0 = Release|Any CPU
	EndGlobalSection
	GlobalSection(SolutionProperties) = preSolution
		HideSolutionNode = FALSE
	EndGlobalSection
EndGlobal
